
Microsoft Visual Studio Solution File, Format Version 12.00
# Visual Studio 15
VisualStudioVersion = 15.0.28307.572
MinimumVisualStudioVersion = 10.0.40219.1
Project("{9A19103F-16F7-4668-BE54-9A1E7A4F7556}") = "Elcom", "Elcom\Elcom.csproj", "{64A8CF0F-29DC-4BA0-B850-05B2C2CFC2CB}"
EndProject
Global
	GlobalSection(SolutionConfigurationPlatforms) = preSolution
		Debug|Any CPU = Debug|Any CPU
		Oracle|Any CPU = Oracle|Any CPU
		Release|Any CPU = Release|Any CPU
	EndGlobalSection
	GlobalSection(ProjectConfigurationPlatforms) = postSolution
		{64A8CF0F-29DC-4BA0-B850-05B2C2CFC2CB}.Debug|Any CPU.ActiveCfg = Debug|Any CPU
		{64A8CF0F-29DC-4BA0-B850-05B2C2CFC2CB}.Debug|Any CPU.Build.0 = Debug|Any CPU
		{64A8CF0F-29DC-4BA0-B850-05B2C2CFC2CB}.Oracle|Any CPU.ActiveCfg = Oracle|Any CPU
		{64A8CF0F-29DC-4BA0-B850-05B2C2CFC2CB}.Oracle|Any CPU.Build.0 = Oracle|Any CPU
		{64A8CF0F-29DC-4BA0-B850-05B2C2CFC2CB}.Release|Any CPU.ActiveCfg = Release|Any CPU
		{64A8CF0F-29DC-4BA0-B850-05B2C2CFC2CB}.Release|Any CPU.Build.0 = Release|Any CPU
	EndGlobalSection
	GlobalSection(SolutionProperties) = preSolution
		HideSolutionNode = FALSE
	EndGlobalSection
	GlobalSection(ExtensibilityGlobals) = postSolution
		SolutionGuid = {39007F2F-550F-483F-9562-8843632F5277}
	EndGlobalSection
EndGlobal
